
Microsoft Visual Studio Solution File, Format Version 12.00
# Visual Studio 15
VisualStudioVersion = 15.0.28306.52
MinimumVisualStudioVersion = 10.0.40219.1
Project("{FAE04EC0-301F-11D3-BF4B-00C04F79EFBC}") = "Herencia1", "Herencia1\Herencia1.csproj", "{B3E0978B-51E3-47A9-8E5B-0C5EE8B13E0F}"
EndProject
Global
	GlobalSection(SolutionConfigurationPlatforms) = preSolution
		Debug|Any CPU = Debug|Any CPU
		Release|Any CPU = Release|Any CPU
	EndGlobalSection
	GlobalSection(ProjectConfigurationPlatforms) = postSolution
		{B3E0978B-51E3-47A9-8E5B-0C5EE8B13E0F}.Debug|Any CPU.ActiveCfg = Debug|Any CPU
		{B3E0978B-51E3-47A9-8E5B-0C5EE8B13E0F}.Debug|Any CPU.Build.0 = Debug|Any CPU
		{B3E0978B-51E3-47A9-8E5B-0C5EE8B13E0F}.Release|Any CPU.ActiveCfg = Release|Any CPU
		{B3E0978B-51E3-47A9-8E5B-0C5EE8B13E0F}.Release|Any CPU.Build.0 = Release|Any CPU
	EndGlobalSection
	GlobalSection(SolutionProperties) = preSolution
		HideSolutionNode = FALSE
	EndGlobalSection
	GlobalSection(ExtensibilityGlobals) = postSolution
		SolutionGuid = {7270AA0A-8939-4278-9D4B-2E4D6947ECB9}
	EndGlobalSection
EndGlobal
